{
  "name": "Cata-Food",
  "lockfileVersion": 2,
  "requires": true,
  "packages": {
    "": {
      "dependencies": {
        "@emailjs/browser": "^3.10.0",
        "animejs": "^3.2.1"
      }
    },
    "node_modules/@emailjs/browser": {
      "version": "3.10.0",
      "resolved": "https://registry.npmjs.org/@emailjs/browser/-/browser-3.10.0.tgz",
      "integrity": "sha512-pregUOBkSjjctQoAgn8DcSaeY4ypHjXAJEzWlJysM3RkQXw1ulavfHva3YYeAkxfJ7qbIhpyvRmhyQlgNG4GVg==",
      "engines": {
        "node": ">=14.0.0"
      }
    },
    "node_modules/animejs": {
      "version": "3.2.1",
      "resolved": "https://registry.npmjs.org/animejs/-/animejs-3.2.1.tgz",
      "integrity": "sha512-sWno3ugFryK5nhiDm/2BKeFCpZv7vzerWUcUPyAZLDhMek3+S/p418ldZJbJXo5ZUOpfm2kP2XRO4NJcULMy9A=="
    }
  },
  "dependencies": {
    "@emailjs/browser": {
      "version": "3.10.0",
      "resolved": "https://registry.npmjs.org/@emailjs/browser/-/browser-3.10.0.tgz",
      "integrity": "sha512-pregUOBkSjjctQoAgn8DcSaeY4ypHjXAJEzWlJysM3RkQXw1ulavfHva3YYeAkxfJ7qbIhpyvRmhyQlgNG4GVg=="
    },
    "animejs": {
      "version": "3.2.1",
      "resolved": "https://registry.npmjs.org/animejs/-/animejs-3.2.1.tgz",
      "integrity": "sha512-sWno3ugFryK5nhiDm/2BKeFCpZv7vzerWUcUPyAZLDhMek3+S/p418ldZJbJXo5ZUOpfm2kP2XRO4NJcULMy9A=="
    }
  }
}
